%{"apex": {:hex, :apex, "0.5.2", "bc4d44c3f824d70cd295fc2fd395243df34a1c1659f5ef17381f5fbee1c7f00e", [:mix], []},
  "cowboy": {:git, "https://github.com/ninenines/cowboy.git", "dbb636034f20736e16eb9d6c809217c9525b6cbd", [tag: "2.0.0-pre.3"]},
  "cowlib": {:git, "https://github.com/ninenines/cowlib", "8cf98c9f3d1292c1b08fca5ca99772ae912eaa86", [ref: "master"]},
  "poison": {:hex, :poison, "2.2.0", "4763b69a8a77bd77d26f477d196428b741261a761257ff1cf92753a0d4d24a63", [:mix], []},
  "ranch": {:git, "https://github.com/ninenines/ranch", "741bfb73ca663394ecf7a73410506d66f01985a6", [ref: "1.1.0"]},
  "table_rex": {:hex, :table_rex, "0.8.3", "1c68dfc6886d6f118f5047b0449d6402ae0ac5709064789e578c2f4659f4064b", [:mix], []},
  "uuid": {:hex, :uuid, "0.1.5", "b6ace36a422cb8a1c3b02901aa5627595f115fe185ac8b0fdd0a8ee48c235068", [:mix], []}}
